
Microsoft Visual Studio Solution File, Format Version 12.00
# Visual Studio 2013
VisualStudioVersion = 12.0.31101.0
MinimumVisualStudioVersion = 10.0.40219.1
Project("{FAE04EC0-301F-11D3-BF4B-00C04F79EFBC}") = "Acceptto.MFA.Client", "Acceptto.MFA.Client\Acceptto.MFA.Client.csproj", "{57FBCEE2-B189-4D87-BCB3-B6575C1DA9CB}"
EndProject
Project("{FAE04EC0-301F-11D3-BF4B-00C04F79EFBC}") = "Acceptto.Sample.Web", "Acceptto.Sample.Web\Acceptto.Sample.Web.csproj", "{C91C602B-1BD6-44C6-BF59-4C7ABC3FDE6B}"
EndProject
Global
	GlobalSection(SolutionConfigurationPlatforms) = preSolution
		Debug|Any CPU = Debug|Any CPU
		Release|Any CPU = Release|Any CPU
	EndGlobalSection
	GlobalSection(ProjectConfigurationPlatforms) = postSolution
		{57FBCEE2-B189-4D87-BCB3-B6575C1DA9CB}.Debug|Any CPU.ActiveCfg = Debug|Any CPU
		{57FBCEE2-B189-4D87-BCB3-B6575C1DA9CB}.Debug|Any CPU.Build.0 = Debug|Any CPU
		{57FBCEE2-B189-4D87-BCB3-B6575C1DA9CB}.Release|Any CPU.ActiveCfg = Release|Any CPU
		{57FBCEE2-B189-4D87-BCB3-B6575C1DA9CB}.Release|Any CPU.Build.0 = Release|Any CPU
		{C91C602B-1BD6-44C6-BF59-4C7ABC3FDE6B}.Debug|Any CPU.ActiveCfg = Debug|Any CPU
		{C91C602B-1BD6-44C6-BF59-4C7ABC3FDE6B}.Debug|Any CPU.Build.0 = Debug|Any CPU
		{C91C602B-1BD6-44C6-BF59-4C7ABC3FDE6B}.Release|Any CPU.ActiveCfg = Release|Any CPU
		{C91C602B-1BD6-44C6-BF59-4C7ABC3FDE6B}.Release|Any CPU.Build.0 = Release|Any CPU
	EndGlobalSection
	GlobalSection(SolutionProperties) = preSolution
		HideSolutionNode = FALSE
	EndGlobalSection
EndGlobal
